
Microsoft Visual Studio Solution File, Format Version 12.00
# Visual Studio Version 17
VisualStudioVersion = 17.1.32319.34
MinimumVisualStudioVersion = 10.0.40219.1
Project("{9A19103F-16F7-4668-BE54-9A1E7A4F7556}") = "BackwardStringInsideParentesis.Tests", "BackwardStringInsideParentesis.Tests\BackwardStringInsideParentesis.Tests.csproj", "{AF40FDAB-3D50-4EDE-AB77-59AF2EDE4C7C}"
EndProject
Project("{9A19103F-16F7-4668-BE54-9A1E7A4F7556}") = "BackwardStringInsideParentesis", "BackwardStringInsideParentesis\BackwardStringInsideParentesis.csproj", "{C7EFC455-A291-41B2-BFF4-6776942965AF}"
EndProject
Global
	GlobalSection(SolutionConfigurationPlatforms) = preSolution
		Debug|Any CPU = Debug|Any CPU
		Release|Any CPU = Release|Any CPU
	EndGlobalSection
	GlobalSection(ProjectConfigurationPlatforms) = postSolution
		{AF40FDAB-3D50-4EDE-AB77-59AF2EDE4C7C}.Debug|Any CPU.ActiveCfg = Debug|Any CPU
		{AF40FDAB-3D50-4EDE-AB77-59AF2EDE4C7C}.Debug|Any CPU.Build.0 = Debug|Any CPU
		{AF40FDAB-3D50-4EDE-AB77-59AF2EDE4C7C}.Release|Any CPU.ActiveCfg = Release|Any CPU
		{AF40FDAB-3D50-4EDE-AB77-59AF2EDE4C7C}.Release|Any CPU.Build.0 = Release|Any CPU
		{C7EFC455-A291-41B2-BFF4-6776942965AF}.Debug|Any CPU.ActiveCfg = Debug|Any CPU
		{C7EFC455-A291-41B2-BFF4-6776942965AF}.Debug|Any CPU.Build.0 = Debug|Any CPU
		{C7EFC455-A291-41B2-BFF4-6776942965AF}.Release|Any CPU.ActiveCfg = Release|Any CPU
		{C7EFC455-A291-41B2-BFF4-6776942965AF}.Release|Any CPU.Build.0 = Release|Any CPU
	EndGlobalSection
	GlobalSection(SolutionProperties) = preSolution
		HideSolutionNode = FALSE
	EndGlobalSection
	GlobalSection(ExtensibilityGlobals) = postSolution
		SolutionGuid = {B5E010CB-4C7F-423D-9878-BA0860D5348D}
	EndGlobalSection
EndGlobal
